PODS:
  - Flutter (1.0.0)
  - fluwx (0.0.1):
    - Flutter

DEPENDENCIES:
  - Flutter (from `.symlinks/flutter/ios`)
  - fluwx (from `.symlinks/plugins/fluwx/ios`)

EXTERNAL SOURCES:
  Flutter:
    :path: ".symlinks/flutter/ios"
  fluwx:
    :path: ".symlinks/plugins/fluwx/ios"

SPEC CHECKSUMS:
  Flutter: 58dd7d1b27887414a370fcccb9e645c08ffd7a6a
  fluwx: 19524c5e4c9c539a646407259139c9c1e4eaf9e5

PODFILE CHECKSUM: aff02bfeed411c636180d6812254b2daeea14d09

COCOAPODS: 1.6.0.beta.2
